
Microsoft Visual Studio Solution File, Format Version 12.00
# Visual Studio 2013
VisualStudioVersion = 12.0.31101.0
MinimumVisualStudioVersion = 10.0.40219.1
Project("{FAE04EC0-301F-11D3-BF4B-00C04F79EFBC}") = "PhotoStory", "PhotoStory\PhotoStory.csproj", "{A931DF16-891D-4FDD-A984-092DFD8DB599}"
EndProject
Project("{FAE04EC0-301F-11D3-BF4B-00C04F79EFBC}") = "PhotoStory.Tests", "PhotoStory.Tests\PhotoStory.Tests.csproj", "{03D4B653-80F7-40AE-BEA5-5E0741FA7FA5}"
EndProject
Project("{FAE04EC0-301F-11D3-BF4B-00C04F79EFBC}") = "PhotoStoryEntities", "PhotoStoryEntities\PhotoStoryEntities.csproj", "{C22E9ABD-6849-474A-B69F-F6F7A7466B1A}"
EndProject
Global
	GlobalSection(SolutionConfigurationPlatforms) = preSolution
		Debug|Any CPU = Debug|Any CPU
		Release|Any CPU = Release|Any CPU
	EndGlobalSection
	GlobalSection(ProjectConfigurationPlatforms) = postSolution
		{A931DF16-891D-4FDD-A984-092DFD8DB599}.Debug|Any CPU.ActiveCfg = Debug|Any CPU
		{A931DF16-891D-4FDD-A984-092DFD8DB599}.Debug|Any CPU.Build.0 = Debug|Any CPU
		{A931DF16-891D-4FDD-A984-092DFD8DB599}.Release|Any CPU.ActiveCfg = Release|Any CPU
		{A931DF16-891D-4FDD-A984-092DFD8DB599}.Release|Any CPU.Build.0 = Release|Any CPU
		{03D4B653-80F7-40AE-BEA5-5E0741FA7FA5}.Debug|Any CPU.ActiveCfg = Debug|Any CPU
		{03D4B653-80F7-40AE-BEA5-5E0741FA7FA5}.Debug|Any CPU.Build.0 = Debug|Any CPU
		{03D4B653-80F7-40AE-BEA5-5E0741FA7FA5}.Release|Any CPU.ActiveCfg = Release|Any CPU
		{03D4B653-80F7-40AE-BEA5-5E0741FA7FA5}.Release|Any CPU.Build.0 = Release|Any CPU
		{C22E9ABD-6849-474A-B69F-F6F7A7466B1A}.Debug|Any CPU.ActiveCfg = Debug|Any CPU
		{C22E9ABD-6849-474A-B69F-F6F7A7466B1A}.Debug|Any CPU.Build.0 = Debug|Any CPU
		{C22E9ABD-6849-474A-B69F-F6F7A7466B1A}.Release|Any CPU.ActiveCfg = Release|Any CPU
		{C22E9ABD-6849-474A-B69F-F6F7A7466B1A}.Release|Any CPU.Build.0 = Release|Any CPU
	EndGlobalSection
	GlobalSection(SolutionProperties) = preSolution
		HideSolutionNode = FALSE
	EndGlobalSection
EndGlobal
